
Microsoft Visual Studio Solution File, Format Version 12.00
# Visual Studio Version 16
VisualStudioVersion = 16.0.32929.386
MinimumVisualStudioVersion = 10.0.40219.1
Project("{9A19103F-16F7-4668-BE54-9A1E7A4F7556}") = "CoffeeVendingMachineMS", "CoffeeVendingMachineMS\CoffeeVendingMachineMS.csproj", "{5718457B-2496-4571-A763-47B515F83E6C}"
EndProject
Project("{FAE04EC0-301F-11D3-BF4B-00C04F79EFBC}") = "CoffeeVendingMachineMS.Test", "CoffeeVendingMachineMS.Test\CoffeeVendingMachineMS.Test.csproj", "{7D109533-7DFA-40A9-B9F7-C5D3BD33CCBE}"
EndProject
Global
	GlobalSection(SolutionConfigurationPlatforms) = preSolution
		Debug|Any CPU = Debug|Any CPU
		Debug|ARM64 = Debug|ARM64
		Debug|x64 = Debug|x64
		Release|Any CPU = Release|Any CPU
		Release|ARM64 = Release|ARM64
		Release|x64 = Release|x64
	EndGlobalSection
	GlobalSection(ProjectConfigurationPlatforms) = postSolution
		{5718457B-2496-4571-A763-47B515F83E6C}.Debug|Any CPU.ActiveCfg = Debug|Any CPU
		{5718457B-2496-4571-A763-47B515F83E6C}.Debug|Any CPU.Build.0 = Debug|Any CPU
		{5718457B-2496-4571-A763-47B515F83E6C}.Debug|ARM64.ActiveCfg = Debug|Any CPU
		{5718457B-2496-4571-A763-47B515F83E6C}.Debug|ARM64.Build.0 = Debug|Any CPU
		{5718457B-2496-4571-A763-47B515F83E6C}.Debug|x64.ActiveCfg = Debug|Any CPU
		{5718457B-2496-4571-A763-47B515F83E6C}.Debug|x64.Build.0 = Debug|Any CPU
		{5718457B-2496-4571-A763-47B515F83E6C}.Release|Any CPU.ActiveCfg = Release|Any CPU
		{5718457B-2496-4571-A763-47B515F83E6C}.Release|Any CPU.Build.0 = Release|Any CPU
		{5718457B-2496-4571-A763-47B515F83E6C}.Release|ARM64.ActiveCfg = Release|ARM64
		{5718457B-2496-4571-A763-47B515F83E6C}.Release|ARM64.Build.0 = Release|ARM64
		{5718457B-2496-4571-A763-47B515F83E6C}.Release|x64.ActiveCfg = Release|Any CPU
		{5718457B-2496-4571-A763-47B515F83E6C}.Release|x64.Build.0 = Release|Any CPU
		{7D109533-7DFA-40A9-B9F7-C5D3BD33CCBE}.Debug|Any CPU.ActiveCfg = Debug|Any CPU
		{7D109533-7DFA-40A9-B9F7-C5D3BD33CCBE}.Debug|Any CPU.Build.0 = Debug|Any CPU
		{7D109533-7DFA-40A9-B9F7-C5D3BD33CCBE}.Debug|ARM64.ActiveCfg = Debug|x64
		{7D109533-7DFA-40A9-B9F7-C5D3BD33CCBE}.Debug|ARM64.Build.0 = Debug|x64
		{7D109533-7DFA-40A9-B9F7-C5D3BD33CCBE}.Debug|x64.ActiveCfg = Debug|x64
		{7D109533-7DFA-40A9-B9F7-C5D3BD33CCBE}.Debug|x64.Build.0 = Debug|x64
		{7D109533-7DFA-40A9-B9F7-C5D3BD33CCBE}.Release|Any CPU.ActiveCfg = Release|Any CPU
		{7D109533-7DFA-40A9-B9F7-C5D3BD33CCBE}.Release|Any CPU.Build.0 = Release|Any CPU
		{7D109533-7DFA-40A9-B9F7-C5D3BD33CCBE}.Release|ARM64.ActiveCfg = Release|Any CPU
		{7D109533-7DFA-40A9-B9F7-C5D3BD33CCBE}.Release|ARM64.Build.0 = Release|Any CPU
		{7D109533-7DFA-40A9-B9F7-C5D3BD33CCBE}.Release|x64.ActiveCfg = Release|x64
		{7D109533-7DFA-40A9-B9F7-C5D3BD33CCBE}.Release|x64.Build.0 = Release|x64
	EndGlobalSection
	GlobalSection(SolutionProperties) = preSolution
		HideSolutionNode = FALSE
	EndGlobalSection
	GlobalSection(ExtensibilityGlobals) = postSolution
		SolutionGuid = {6979E3F6-DFBE-4154-B278-055271BA0790}
	EndGlobalSection
EndGlobal
